<?xml version="1.0" encoding="utf-8"?>
<Project ToolsVersion="4.0" xmlns="http://schemas.microsoft.com/developer/msbuild/2003">
  <ItemGroup>
    <Filter Include="Ono">
      <UniqueIdentifier>{9111880B-FD1A-887C-8696-9E7CF29E937C}</UniqueIdentifier>
    </Filter>
    <Filter Include="Ono\Events">
      <UniqueIdentifier>{55306ABE-41E8-AB0B-AAEF-846796C646FC}</UniqueIdentifier>
    </Filter>
  </ItemGroup>
  <ItemGroup>
    <ClInclude Include="src\Ono.h" />
    <ClInclude Include="src\Ono\Application.h">
      <Filter>Ono</Filter>
    </ClInclude>
    <ClInclude Include="src\Ono\Core.h">
      <Filter>Ono</Filter>
    </ClInclude>
    <ClInclude Include="src\Ono\EntryPoint.h">
      <Filter>Ono</Filter>
    </ClInclude>
    <ClInclude Include="src\Ono\Events\ApplicationEvent.h">
      <Filter>Ono\Events</Filter>
    </ClInclude>
    <ClInclude Include="src\Ono\Events\Event.h">
      <Filter>Ono\Events</Filter>
    </ClInclude>
    <ClInclude Include="src\Ono\Events\KeyEvent.h">
      <Filter>Ono\Events</Filter>
    </ClInclude>
    <ClInclude Include="src\Ono\Events\MouseEvent.h">
      <Filter>Ono\Events</Filter>
    </ClInclude>
    <ClInclude Include="src\Ono\Log.h">
      <Filter>Ono</Filter>
    </ClInclude>
    <ClInclude Include="src\onopch.h" />
  </ItemGroup>
  <ItemGroup>
    <ClCompile Include="src\Ono\Application.cpp">
      <Filter>Ono</Filter>
    </ClCompile>
    <ClCompile Include="src\Ono\Log.cpp">
      <Filter>Ono</Filter>
    </ClCompile>
    <ClCompile Include="src\onopch.cpp" />
  </ItemGroup>
</Project>