
Microsoft Visual Studio Solution File, Format Version 12.00
# Visual Studio Version 17
Project("{8BC9CEB8-8B4A-11D0-8D11-00A0C91BC942}") = "Ono", "Ono\Ono.vcxproj", "{9111880B-FD1A-887C-8696-9E7CF29E937C}"
EndProject
Project("{8BC9CEB8-8B4A-11D0-8D11-00A0C91BC942}") = "Sandbox", "Sandbox\Sandbox.vcxproj", "{F4C124E3-60A1-A37E-69B9-2E55D5170AE0}"
EndProject
Global
	GlobalSection(SolutionConfigurationPlatforms) = preSolution
		Debug|x64 = Debug|x64
		Dist|x64 = Dist|x64
		release|x64 = release|x64
	EndGlobalSection
	GlobalSection(ProjectConfigurationPlatforms) = postSolution
		{9111880B-FD1A-887C-8696-9E7CF29E937C}.Debug|x64.ActiveCfg = Debug|x64
		{9111880B-FD1A-887C-8696-9E7CF29E937C}.Debug|x64.Build.0 = Debug|x64
		{9111880B-FD1A-887C-8696-9E7CF29E937C}.Dist|x64.ActiveCfg = Dist|x64
		{9111880B-FD1A-887C-8696-9E7CF29E937C}.Dist|x64.Build.0 = Dist|x64
		{9111880B-FD1A-887C-8696-9E7CF29E937C}.release|x64.ActiveCfg = release|x64
		{9111880B-FD1A-887C-8696-9E7CF29E937C}.release|x64.Build.0 = release|x64
		{F4C124E3-60A1-A37E-69B9-2E55D5170AE0}.Debug|x64.ActiveCfg = Debug|x64
		{F4C124E3-60A1-A37E-69B9-2E55D5170AE0}.Debug|x64.Build.0 = Debug|x64
		{F4C124E3-60A1-A37E-69B9-2E55D5170AE0}.Dist|x64.ActiveCfg = Dist|x64
		{F4C124E3-60A1-A37E-69B9-2E55D5170AE0}.Dist|x64.Build.0 = Dist|x64
		{F4C124E3-60A1-A37E-69B9-2E55D5170AE0}.release|x64.ActiveCfg = release|x64
		{F4C124E3-60A1-A37E-69B9-2E55D5170AE0}.release|x64.Build.0 = release|x64
	EndGlobalSection
	GlobalSection(SolutionProperties) = preSolution
		HideSolutionNode = FALSE
	EndGlobalSection
EndGlobal
